// !$*UTF8*$!
{
	archiveVersion = 1;
	classes = {
	};
	objectVersion = 60;
	objects = {

/* Begin PBXBuildFile section */
		793385712B5413650060CC95 /* GPApp.swift in Sources */ = {isa = PBXBuildFile; fileRef = 793385702B5413650060CC95 /* GPApp.swift */; };
		793385732B5413650060CC95 /* GPContentView.swift in Sources */ = {isa = PBXBuildFile; fileRef = 793385722B5413650060CC95 /* GPContentView.swift */; };
		793385752B5413660060CC95 /* Assets.xcassets in Resources */ = {isa = PBXBuildFile; fileRef = 793385742B5413660060CC95 /* Assets.xcassets */; };
		793385782B5413660060CC95 /* Preview Assets.xcassets in Resources */ = {isa = PBXBuildFile; fileRef = 793385772B5413660060CC95 /* Preview Assets.xcassets */; };
		7933857B2B5413660060CC95 /* WebRTC.app in Embed Watch Content */ = {isa = PBXBuildFile; fileRef = 7933856E2B5413650060CC95 /* WebRTC.app */; settings = {ATTRIBUTES = (RemoveHeadersOnCopy, ); }; };
		795464072B53FFF500618ACA /* GPApp.swift in Sources */ = {isa = PBXBuildFile; fileRef = 795464062B53FFF500618ACA /* GPApp.swift */; };
		795464092B53FFF500618ACA /* GPContentView.swift in Sources */ = {isa = PBXBuildFile; fileRef = 795464082B53FFF500618ACA /* GPContentView.swift */; };
		7954640B2B53FFF500618ACA /* GPItem.swift in Sources */ = {isa = PBXBuildFile; fileRef = 7954640A2B53FFF500618ACA /* GPItem.swift */; };
		7954640D2B53FFF600618ACA /* Assets.xcassets in Resources */ = {isa = PBXBuildFile; fileRef = 7954640C2B53FFF600618ACA /* Assets.xcassets */; };
		795464112B53FFF600618ACA /* Preview Assets.xcassets in Resources */ = {isa = PBXBuildFile; fileRef = 795464102B53FFF600618ACA /* Preview Assets.xcassets */; };
		79ABECED2B5518EC00C15D0C /* FirebaseFunctions in Frameworks */ = {isa = PBXBuildFile; productRef = 79ABECEC2B5518EC00C15D0C /* FirebaseFunctions */; };
		79ABECF22B5519EA00C15D0C /* GPAppDelegate.swift in Sources */ = {isa = PBXBuildFile; fileRef = 79ABECF12B5519EA00C15D0C /* GPAppDelegate.swift */; };
		79ABECFE2B552ABE00C15D0C /* GoogleService-Info.plist in Resources */ = {isa = PBXBuildFile; fileRef = 79ABECFD2B552ABE00C15D0C /* GoogleService-Info.plist */; };
		79ABED012B552C0F00C15D0C /* FirebaseAppCheck in Frameworks */ = {isa = PBXBuildFile; productRef = 79ABED002B552C0F00C15D0C /* FirebaseAppCheck */; };
		79ABED0B2B55457400C15D0C /* GPMainView.swift in Sources */ = {isa = PBXBuildFile; fileRef = 79ABED0A2B55457400C15D0C /* GPMainView.swift */; };
		79ABED0D2B5547CD00C15D0C /* GPCallSheet.swift in Sources */ = {isa = PBXBuildFile; fileRef = 79ABED0C2B5547CD00C15D0C /* GPCallSheet.swift */; };
		79ABED0F2B554D2E00C15D0C /* GPCameraPreviewViewModel.swift in Sources */ = {isa = PBXBuildFile; fileRef = 79ABED0E2B554D2E00C15D0C /* GPCameraPreviewViewModel.swift */; };
		79ABED112B55517700C15D0C /* GPCameraService.swift in Sources */ = {isa = PBXBuildFile; fileRef = 79ABED102B55517700C15D0C /* GPCameraService.swift */; };
		79ABED142B5552DE00C15D0C /* GPCameraView.swift in Sources */ = {isa = PBXBuildFile; fileRef = 79ABED132B5552DE00C15D0C /* GPCameraView.swift */; };
		79ABED162B55541900C15D0C /* GPViewfinderView.swift in Sources */ = {isa = PBXBuildFile; fileRef = 79ABED152B55541900C15D0C /* GPViewfinderView.swift */; };
/* End PBXBuildFile section */

/* Begin PBXContainerItemProxy section */
		793385792B5413660060CC95 /* PBXContainerItemProxy */ = {
			isa = PBXContainerItemProxy;
			containerPortal = 795463FB2B53FFF500618ACA /* Project object */;
			proxyType = 1;
			remoteGlobalIDString = 7933856D2B5413650060CC95;
			remoteInfo = "watchOS Watch App";
		};
/* End PBXContainerItemProxy section */

/* Begin PBXCopyFilesBuildPhase section */
		7933857F2B5413660060CC95 /* Embed Watch Content */ = {
			isa = PBXCopyFilesBuildPhase;
			buildActionMask = 2147483647;
			dstPath = "$(CONTENTS_FOLDER_PATH)/Watch";
			dstSubfolderSpec = 16;
			files = (
				7933857B2B5413660060CC95 /* WebRTC.app in Embed Watch Content */,
			);
			name = "Embed Watch Content";
			runOnlyForDeploymentPostprocessing = 0;
		};
/* End PBXCopyFilesBuildPhase section */

/* Begin PBXFileReference section */
		7933856E2B5413650060CC95 /* WebRTC.app */ = {isa = PBXFileReference; explicitFileType = wrapper.application; includeInIndex = 0; path = WebRTC.app; sourceTree = BUILT_PRODUCTS_DIR; };
		793385702B5413650060CC95 /* GPApp.swift */ = {isa = PBXFileReference; lastKnownFileType = sourcecode.swift; path = GPApp.swift; sourceTree = "<group>"; };
		793385722B5413650060CC95 /* GPContentView.swift */ = {isa = PBXFileReference; lastKnownFileType = sourcecode.swift; path = GPContentView.swift; sourceTree = "<group>"; };
		793385742B5413660060CC95 /* Assets.xcassets */ = {isa = PBXFileReference; lastKnownFileType = folder.assetcatalog; path = Assets.xcassets; sourceTree = "<group>"; };
		793385772B5413660060CC95 /* Preview Assets.xcassets */ = {isa = PBXFileReference; lastKnownFileType = folder.assetcatalog; path = "Preview Assets.xcassets"; sourceTree = "<group>"; };
		795464032B53FFF500618ACA /* iOS.app */ = {isa = PBXFileReference; explicitFileType = wrapper.application; includeInIndex = 0; path = iOS.app; sourceTree = BUILT_PRODUCTS_DIR; };
		795464062B53FFF500618ACA /* GPApp.swift */ = {isa = PBXFileReference; lastKnownFileType = sourcecode.swift; path = GPApp.swift; sourceTree = "<group>"; };
		795464082B53FFF500618ACA /* GPContentView.swift */ = {isa = PBXFileReference; lastKnownFileType = sourcecode.swift; path = GPContentView.swift; sourceTree = "<group>"; };
		7954640A2B53FFF500618ACA /* GPItem.swift */ = {isa = PBXFileReference; lastKnownFileType = sourcecode.swift; path = GPItem.swift; sourceTree = "<group>"; };
		7954640C2B53FFF600618ACA /* Assets.xcassets */ = {isa = PBXFileReference; lastKnownFileType = folder.assetcatalog; path = Assets.xcassets; sourceTree = "<group>"; };
		7954640E2B53FFF600618ACA /* Entitlements.entitlements */ = {isa = PBXFileReference; lastKnownFileType = text.plist.entitlements; path = Entitlements.entitlements; sourceTree = "<group>"; };
		795464102B53FFF600618ACA /* Preview Assets.xcassets */ = {isa = PBXFileReference; lastKnownFileType = folder.assetcatalog; path = "Preview Assets.xcassets"; sourceTree = "<group>"; };
		795464172B5400C200618ACA /* Info.plist */ = {isa = PBXFileReference; lastKnownFileType = text.plist.xml; path = Info.plist; sourceTree = "<group>"; };
		79ABECF12B5519EA00C15D0C /* GPAppDelegate.swift */ = {isa = PBXFileReference; lastKnownFileType = sourcecode.swift; path = GPAppDelegate.swift; sourceTree = "<group>"; };
		79ABECF82B551B6100C15D0C /* README.md */ = {isa = PBXFileReference; lastKnownFileType = net.daringfireball.markdown; path = README.md; sourceTree = "<group>"; };
		79ABECF92B551B7300C15D0C /* CODE_OF_CONDUCT.md */ = {isa = PBXFileReference; lastKnownFileType = net.daringfireball.markdown; path = CODE_OF_CONDUCT.md; sourceTree = "<group>"; };
		79ABECFB2B551B9B00C15D0C /* LICENSE.md */ = {isa = PBXFileReference; lastKnownFileType = net.daringfireball.markdown; path = LICENSE.md; sourceTree = "<group>"; };
		79ABECFC2B55293A00C15D0C /* Scripts */ = {isa = PBXFileReference; lastKnownFileType = folder; path = Scripts; sourceTree = "<group>"; };
		79ABECFD2B552ABE00C15D0C /* GoogleService-Info.plist */ = {isa = PBXFileReference; fileEncoding = 4; lastKnownFileType = text.plist.xml; path = "GoogleService-Info.plist"; sourceTree = "<group>"; };
		79ABED0A2B55457400C15D0C /* GPMainView.swift */ = {isa = PBXFileReference; lastKnownFileType = sourcecode.swift; path = GPMainView.swift; sourceTree = "<group>"; };
		79ABED0C2B5547CD00C15D0C /* GPCallSheet.swift */ = {isa = PBXFileReference; lastKnownFileType = sourcecode.swift; path = GPCallSheet.swift; sourceTree = "<group>"; };
		79ABED0E2B554D2E00C15D0C /* GPCameraPreviewViewModel.swift */ = {isa = PBXFileReference; lastKnownFileType = sourcecode.swift; path = GPCameraPreviewViewModel.swift; sourceTree = "<group>"; };
		79ABED102B55517700C15D0C /* GPCameraService.swift */ = {isa = PBXFileReference; lastKnownFileType = sourcecode.swift; path = GPCameraService.swift; sourceTree = "<group>"; };
		79ABED132B5552DE00C15D0C /* GPCameraView.swift */ = {isa = PBXFileReference; lastKnownFileType = sourcecode.swift; path = GPCameraView.swift; sourceTree = "<group>"; };
		79ABED152B55541900C15D0C /* GPViewfinderView.swift */ = {isa = PBXFileReference; lastKnownFileType = sourcecode.swift; path = GPViewfinderView.swift; sourceTree = "<group>"; };
/* End PBXFileReference section */

/* Begin PBXFrameworksBuildPhase section */
		7933856B2B5413650060CC95 /* Frameworks */ = {
			isa = PBXFrameworksBuildPhase;
			buildActionMask = 2147483647;
			files = (
			);
			runOnlyForDeploymentPostprocessing = 0;
		};
		795464002B53FFF500618ACA /* Frameworks */ = {
			isa = PBXFrameworksBuildPhase;
			buildActionMask = 2147483647;
			files = (
				79ABECED2B5518EC00C15D0C /* FirebaseFunctions in Frameworks */,
				79ABED012B552C0F00C15D0C /* FirebaseAppCheck in Frameworks */,
			);
			runOnlyForDeploymentPostprocessing = 0;
		};
/* End PBXFrameworksBuildPhase section */

/* Begin PBXGroup section */
		7933856F2B5413650060CC95 /* watchOS */ = {
			isa = PBXGroup;
			children = (
				793385702B5413650060CC95 /* GPApp.swift */,
				793385722B5413650060CC95 /* GPContentView.swift */,
				793385742B5413660060CC95 /* Assets.xcassets */,
				793385762B5413660060CC95 /* Preview Content */,
			);
			path = watchOS;
			sourceTree = "<group>";
		};
		793385762B5413660060CC95 /* Preview Content */ = {
			isa = PBXGroup;
			children = (
				793385772B5413660060CC95 /* Preview Assets.xcassets */,
			);
			path = "Preview Content";
			sourceTree = "<group>";
		};
		795463FA2B53FFF500618ACA = {
			isa = PBXGroup;
			children = (
				79ABECFB2B551B9B00C15D0C /* LICENSE.md */,
				79ABECF92B551B7300C15D0C /* CODE_OF_CONDUCT.md */,
				79ABECF82B551B6100C15D0C /* README.md */,
				79ABECFC2B55293A00C15D0C /* Scripts */,
				795464182B5400FC00618ACA /* Shared */,
				795464052B53FFF500618ACA /* iOS */,
				7933856F2B5413650060CC95 /* watchOS */,
				795464042B53FFF500618ACA /* Products */,
				79ABECFF2B552C0F00C15D0C /* Frameworks */,
			);
			sourceTree = "<group>";
		};
		795464042B53FFF500618ACA /* Products */ = {
			isa = PBXGroup;
			children = (
				795464032B53FFF500618ACA /* iOS.app */,
				7933856E2B5413650060CC95 /* WebRTC.app */,
			);
			name = Products;
			sourceTree = "<group>";
		};
		795464052B53FFF500618ACA /* iOS */ = {
			isa = PBXGroup;
			children = (
				79ABED172B559E3D00C15D0C /* Camera */,
				79ABECF32B551A5800C15D0C /* App */,
				79ABECF72B551A7500C15D0C /* Resources */,
				79ABECF42B551A6000C15D0C /* Views */,
			);
			path = iOS;
			sourceTree = "<group>";
		};
		7954640F2B53FFF600618ACA /* Preview Content */ = {
			isa = PBXGroup;
			children = (
				795464102B53FFF600618ACA /* Preview Assets.xcassets */,
			);
			path = "Preview Content";
			sourceTree = "<group>";
		};
		795464182B5400FC00618ACA /* Shared */ = {
			isa = PBXGroup;
			children = (
				79ABECF62B551A6F00C15D0C /* Models */,
			);
			path = Shared;
			sourceTree = "<group>";
		};
		79ABECF32B551A5800C15D0C /* App */ = {
			isa = PBXGroup;
			children = (
				795464062B53FFF500618ACA /* GPApp.swift */,
				79ABECF12B5519EA00C15D0C /* GPAppDelegate.swift */,
			);
			path = App;
			sourceTree = "<group>";
		};
		79ABECF42B551A6000C15D0C /* Views */ = {
			isa = PBXGroup;
			children = (
				79ABED0C2B5547CD00C15D0C /* GPCallSheet.swift */,
				795464082B53FFF500618ACA /* GPContentView.swift */,
				79ABED0A2B55457400C15D0C /* GPMainView.swift */,
			);
			path = Views;
			sourceTree = "<group>";
		};
		79ABECF52B551A6700C15D0C /* View Models */ = {
			isa = PBXGroup;
			children = (
				79ABED0E2B554D2E00C15D0C /* GPCameraPreviewViewModel.swift */,
			);
			path = "View Models";
			sourceTree = "<group>";
		};
		79ABECF62B551A6F00C15D0C /* Models */ = {
			isa = PBXGroup;
			children = (
				7954640A2B53FFF500618ACA /* GPItem.swift */,
			);
			path = Models;
			sourceTree = "<group>";
		};
		79ABECF72B551A7500C15D0C /* Resources */ = {
			isa = PBXGroup;
			children = (
				7954640C2B53FFF600618ACA /* Assets.xcassets */,
				7954640E2B53FFF600618ACA /* Entitlements.entitlements */,
				79ABECFD2B552ABE00C15D0C /* GoogleService-Info.plist */,
				795464172B5400C200618ACA /* Info.plist */,
				7954640F2B53FFF600618ACA /* Preview Content */,
			);
			path = Resources;
			sourceTree = "<group>";
		};
		79ABECFF2B552C0F00C15D0C /* Frameworks */ = {
			isa = PBXGroup;
			children = (
			);
			name = Frameworks;
			sourceTree = "<group>";
		};
		79ABED122B5551A800C15D0C /* Services */ = {
			isa = PBXGroup;
			children = (
				79ABED102B55517700C15D0C /* GPCameraService.swift */,
			);
			path = Services;
			sourceTree = "<group>";
		};
		79ABED172B559E3D00C15D0C /* Camera */ = {
			isa = PBXGroup;
			children = (
				79ABECF52B551A6700C15D0C /* View Models */,
				79ABED182B559E4600C15D0C /* Views */,
				79ABED122B5551A800C15D0C /* Services */,
			);
			path = Camera;
			sourceTree = "<group>";
		};
		79ABED182B559E4600C15D0C /* Views */ = {
			isa = PBXGroup;
			children = (
				79ABED152B55541900C15D0C /* GPViewfinderView.swift */,
				79ABED132B5552DE00C15D0C /* GPCameraView.swift */,
			);
			path = Views;
			sourceTree = "<group>";
		};
/* End PBXGroup section */

/* Begin PBXNativeTarget section */
		7933856D2B5413650060CC95 /* watchOS */ = {
			isa = PBXNativeTarget;
			buildConfigurationList = 7933857C2B5413660060CC95 /* Build configuration list for PBXNativeTarget "watchOS" */;
			buildPhases = (
				7933856A2B5413650060CC95 /* Sources */,
				7933856B2B5413650060CC95 /* Frameworks */,
				7933856C2B5413650060CC95 /* Resources */,
			);
			buildRules = (
			);
			dependencies = (
			);
			name = watchOS;
			productName = "watchOS Watch App";
			productReference = 7933856E2B5413650060CC95 /* WebRTC.app */;
			productType = "com.apple.product-type.application";
		};
		795464022B53FFF500618ACA /* iOS */ = {
			isa = PBXNativeTarget;
			buildConfigurationList = 795464142B53FFF600618ACA /* Build configuration list for PBXNativeTarget "iOS" */;
			buildPhases = (
				795463FF2B53FFF500618ACA /* Sources */,
				795464002B53FFF500618ACA /* Frameworks */,
				795464012B53FFF500618ACA /* Resources */,
				7933857F2B5413660060CC95 /* Embed Watch Content */,
			);
			buildRules = (
			);
			dependencies = (
				7933857A2B5413660060CC95 /* PBXTargetDependency */,
			);
			name = iOS;
			packageProductDependencies = (
				79ABECEC2B5518EC00C15D0C /* FirebaseFunctions */,
				79ABED002B552C0F00C15D0C /* FirebaseAppCheck */,
			);
			productName = WebRTC;
			productReference = 795464032B53FFF500618ACA /* iOS.app */;
			productType = "com.apple.product-type.application";
		};
/* End PBXNativeTarget section */

/* Begin PBXProject section */
		795463FB2B53FFF500618ACA /* Project object */ = {
			isa = PBXProject;
			attributes = {
				BuildIndependentTargetsInParallel = 1;
				LastSwiftUpdateCheck = 1520;
				LastUpgradeCheck = 1520;
				TargetAttributes = {
					7933856D2B5413650060CC95 = {
						CreatedOnToolsVersion = 15.2;
					};
					795464022B53FFF500618ACA = {
						CreatedOnToolsVersion = 15.1;
					};
				};
			};
			buildConfigurationList = 795463FE2B53FFF500618ACA /* Build configuration list for PBXProject "gp-webrtc-ios" */;
			compatibilityVersion = "Xcode 15.0";
			developmentRegion = en;
			hasScannedForEncodings = 0;
			knownRegions = (
				en,
				Base,
			);
			mainGroup = 795463FA2B53FFF500618ACA;
			packageReferences = (
				79ABECEB2B5518EC00C15D0C /* XCRemoteSwiftPackageReference "firebase-ios-sdk" */,
				793E7B062B5A72AC000CC08A /* XCRemoteSwiftPackageReference "WebRTC" */,
			);
			productRefGroup = 795464042B53FFF500618ACA /* Products */;
			projectDirPath = "";
			projectRoot = "";
			targets = (
				795464022B53FFF500618ACA /* iOS */,
				7933856D2B5413650060CC95 /* watchOS */,
			);
		};
/* End PBXProject section */

/* Begin PBXResourcesBuildPhase section */
		7933856C2B5413650060CC95 /* Resources */ = {
			isa = PBXResourcesBuildPhase;
			buildActionMask = 2147483647;
			files = (
				793385782B5413660060CC95 /* Preview Assets.xcassets in Resources */,
				793385752B5413660060CC95 /* Assets.xcassets in Resources */,
			);
			runOnlyForDeploymentPostprocessing = 0;
		};
		795464012B53FFF500618ACA /* Resources */ = {
			isa = PBXResourcesBuildPhase;
			buildActionMask = 2147483647;
			files = (
				795464112B53FFF600618ACA /* Preview Assets.xcassets in Resources */,
				7954640D2B53FFF600618ACA /* Assets.xcassets in Resources */,
				79ABECFE2B552ABE00C15D0C /* GoogleService-Info.plist in Resources */,
			);
			runOnlyForDeploymentPostprocessing = 0;
		};
/* End PBXResourcesBuildPhase section */

/* Begin PBXSourcesBuildPhase section */
		7933856A2B5413650060CC95 /* Sources */ = {
			isa = PBXSourcesBuildPhase;
			buildActionMask = 2147483647;
			files = (
				793385732B5413650060CC95 /* GPContentView.swift in Sources */,
				793385712B5413650060CC95 /* GPApp.swift in Sources */,
			);
			runOnlyForDeploymentPostprocessing = 0;
		};
		795463FF2B53FFF500618ACA /* Sources */ = {
			isa = PBXSourcesBuildPhase;
			buildActionMask = 2147483647;
			files = (
				795464092B53FFF500618ACA /* GPContentView.swift in Sources */,
				79ABED112B55517700C15D0C /* GPCameraService.swift in Sources */,
				79ABED162B55541900C15D0C /* GPViewfinderView.swift in Sources */,
				79ABECF22B5519EA00C15D0C /* GPAppDelegate.swift in Sources */,
				7954640B2B53FFF500618ACA /* GPItem.swift in Sources */,
				795464072B53FFF500618ACA /* GPApp.swift in Sources */,
				79ABED0D2B5547CD00C15D0C /* GPCallSheet.swift in Sources */,
				79ABED0B2B55457400C15D0C /* GPMainView.swift in Sources */,
				79ABED0F2B554D2E00C15D0C /* GPCameraPreviewViewModel.swift in Sources */,
				79ABED142B5552DE00C15D0C /* GPCameraView.swift in Sources */,
			);
			runOnlyForDeploymentPostprocessing = 0;
		};
/* End PBXSourcesBuildPhase section */

/* Begin PBXTargetDependency section */
		7933857A2B5413660060CC95 /* PBXTargetDependency */ = {
			isa = PBXTargetDependency;
			target = 7933856D2B5413650060CC95 /* watchOS */;
			targetProxy = 793385792B5413660060CC95 /* PBXContainerItemProxy */;
		};
/* End PBXTargetDependency section */

/* Begin XCBuildConfiguration section */
		7933857D2B5413660060CC95 /* Debug */ = {
			isa = XCBuildConfiguration;
			buildSettings = {
				ASSETCATALOG_COMPILER_APPICON_NAME = AppIcon;
				ASSETCATALOG_COMPILER_GLOBAL_ACCENT_COLOR_NAME = AccentColor;
				CODE_SIGN_STYLE = Automatic;
				CURRENT_PROJECT_VERSION = 1;
				DEVELOPMENT_ASSET_PATHS = "\"watchOS/Preview Content\"";
				DEVELOPMENT_TEAM = DE65J7Y35D;
				ENABLE_PREVIEWS = YES;
				EXECUTABLE_EXTENSION = "";
				GENERATE_INFOPLIST_FILE = YES;
				INFOPLIST_KEY_UISupportedInterfaceOrientations = "UIInterfaceOrientationPortrait UIInterfaceOrientationPortraitUpsideDown";
				INFOPLIST_KEY_WKCompanionAppBundleIdentifier = org.gpfister.webrtc;
				INFOPLIST_KEY_WKRunsIndependentlyOfCompanionApp = YES;
				LD_RUNPATH_SEARCH_PATHS = (
					"$(inherited)",
					"@executable_path/Frameworks",
				);
				MARKETING_VERSION = 1.0;
				PRODUCT_BUNDLE_IDENTIFIER = org.gpfister.webrtc.watchkitapp;
				PRODUCT_NAME = WebRTC;
				SDKROOT = watchos;
				SKIP_INSTALL = YES;
				SWIFT_EMIT_LOC_STRINGS = YES;
				SWIFT_VERSION = 5.0;
				TARGETED_DEVICE_FAMILY = 4;
				WATCHOS_DEPLOYMENT_TARGET = 10.2;
			};
			name = Debug;
		};
		7933857E2B5413660060CC95 /* Release */ = {
			isa = XCBuildConfiguration;
			buildSettings = {
				ASSETCATALOG_COMPILER_APPICON_NAME = AppIcon;
				ASSETCATALOG_COMPILER_GLOBAL_ACCENT_COLOR_NAME = AccentColor;
				CODE_SIGN_STYLE = Automatic;
				CURRENT_PROJECT_VERSION = 1;
				DEVELOPMENT_ASSET_PATHS = "\"watchOS/Preview Content\"";
				DEVELOPMENT_TEAM = DE65J7Y35D;
				ENABLE_PREVIEWS = YES;
				EXECUTABLE_EXTENSION = "";
				GENERATE_INFOPLIST_FILE = YES;
				INFOPLIST_KEY_UISupportedInterfaceOrientations = "UIInterfaceOrientationPortrait UIInterfaceOrientationPortraitUpsideDown";
				INFOPLIST_KEY_WKCompanionAppBundleIdentifier = org.gpfister.webrtc;
				INFOPLIST_KEY_WKRunsIndependentlyOfCompanionApp = YES;
				LD_RUNPATH_SEARCH_PATHS = (
					"$(inherited)",
					"@executable_path/Frameworks",
				);
				MARKETING_VERSION = 1.0;
				PRODUCT_BUNDLE_IDENTIFIER = org.gpfister.webrtc.watchkitapp;
				PRODUCT_NAME = WebRTC;
				SDKROOT = watchos;
				SKIP_INSTALL = YES;
				SWIFT_EMIT_LOC_STRINGS = YES;
				SWIFT_VERSION = 5.0;
				TARGETED_DEVICE_FAMILY = 4;
				VALIDATE_PRODUCT = YES;
				WATCHOS_DEPLOYMENT_TARGET = 10.2;
			};
			name = Release;
		};
		795464122B53FFF600618ACA /* Debug */ = {
			isa = XCBuildConfiguration;
			buildSettings = {
				ALWAYS_SEARCH_USER_PATHS = NO;
				ASSETCATALOG_COMPILER_GENERATE_SWIFT_ASSET_SYMBOL_EXTENSIONS = YES;
				CLANG_ANALYZER_NONNULL = YES;
				CLANG_ANALYZER_NUMBER_OBJECT_CONVERSION = YES_AGGRESSIVE;
				CLANG_CXX_LANGUAGE_STANDARD = "gnu++20";
				CLANG_ENABLE_MODULES = YES;
				CLANG_ENABLE_OBJC_ARC = YES;
				CLANG_ENABLE_OBJC_WEAK = YES;
				CLANG_WARN_BLOCK_CAPTURE_AUTORELEASING = YES;
				CLANG_WARN_BOOL_CONVERSION = YES;
				CLANG_WARN_COMMA = YES;
				CLANG_WARN_CONSTANT_CONVERSION = YES;
				CLANG_WARN_DEPRECATED_OBJC_IMPLEMENTATIONS = YES;
				CLANG_WARN_DIRECT_OBJC_ISA_USAGE = YES_ERROR;
				CLANG_WARN_DOCUMENTATION_COMMENTS = YES;
				CLANG_WARN_EMPTY_BODY = YES;
				CLANG_WARN_ENUM_CONVERSION = YES;
				CLANG_WARN_INFINITE_RECURSION = YES;
				CLANG_WARN_INT_CONVERSION = YES;
				CLANG_WARN_NON_LITERAL_NULL_CONVERSION = YES;
				CLANG_WARN_OBJC_IMPLICIT_RETAIN_SELF = YES;
				CLANG_WARN_OBJC_LITERAL_CONVERSION = YES;
				CLANG_WARN_OBJC_ROOT_CLASS = YES_ERROR;
				CLANG_WARN_QUOTED_INCLUDE_IN_FRAMEWORK_HEADER = YES;
				CLANG_WARN_RANGE_LOOP_ANALYSIS = YES;
				CLANG_WARN_STRICT_PROTOTYPES = YES;
				CLANG_WARN_SUSPICIOUS_MOVE = YES;
				CLANG_WARN_UNGUARDED_AVAILABILITY = YES_AGGRESSIVE;
				CLANG_WARN_UNREACHABLE_CODE = YES;
				CLANG_WARN__DUPLICATE_METHOD_MATCH = YES;
				COPY_PHASE_STRIP = NO;
				DEAD_CODE_STRIPPING = YES;
				DEBUG_INFORMATION_FORMAT = dwarf;
				ENABLE_STRICT_OBJC_MSGSEND = YES;
				ENABLE_TESTABILITY = YES;
				ENABLE_USER_SCRIPT_SANDBOXING = YES;
				GCC_C_LANGUAGE_STANDARD = gnu17;
				GCC_DYNAMIC_NO_PIC = NO;
				GCC_NO_COMMON_BLOCKS = YES;
				GCC_OPTIMIZATION_LEVEL = 0;
				GCC_PREPROCESSOR_DEFINITIONS = (
					"DEBUG=1",
					"$(inherited)",
				);
				GCC_WARN_64_TO_32_BIT_CONVERSION = YES;
				GCC_WARN_ABOUT_RETURN_TYPE = YES_ERROR;
				GCC_WARN_UNDECLARED_SELECTOR = YES;
				GCC_WARN_UNINITIALIZED_AUTOS = YES_AGGRESSIVE;
				GCC_WARN_UNUSED_FUNCTION = YES;
				GCC_WARN_UNUSED_VARIABLE = YES;
				LOCALIZATION_PREFERS_STRING_CATALOGS = YES;
				MTL_ENABLE_DEBUG_INFO = INCLUDE_SOURCE;
				MTL_FAST_MATH = YES;
				ONLY_ACTIVE_ARCH = YES;
				SWIFT_ACTIVE_COMPILATION_CONDITIONS = "DEBUG $(inherited)";
				SWIFT_OPTIMIZATION_LEVEL = "-Onone";
			};
			name = Debug;
		};
		795464132B53FFF600618ACA /* Release */ = {
			isa = XCBuildConfiguration;
			buildSettings = {
				ALWAYS_SEARCH_USER_PATHS = NO;
				ASSETCATALOG_COMPILER_GENERATE_SWIFT_ASSET_SYMBOL_EXTENSIONS = YES;
				CLANG_ANALYZER_NONNULL = YES;
				CLANG_ANALYZER_NUMBER_OBJECT_CONVERSION = YES_AGGRESSIVE;
				CLANG_CXX_LANGUAGE_STANDARD = "gnu++20";
				CLANG_ENABLE_MODULES = YES;
				CLANG_ENABLE_OBJC_ARC = YES;
				CLANG_ENABLE_OBJC_WEAK = YES;
				CLANG_WARN_BLOCK_CAPTURE_AUTORELEASING = YES;
				CLANG_WARN_BOOL_CONVERSION = YES;
				CLANG_WARN_COMMA = YES;
				CLANG_WARN_CONSTANT_CONVERSION = YES;
				CLANG_WARN_DEPRECATED_OBJC_IMPLEMENTATIONS = YES;
				CLANG_WARN_DIRECT_OBJC_ISA_USAGE = YES_ERROR;
				CLANG_WARN_DOCUMENTATION_COMMENTS = YES;
				CLANG_WARN_EMPTY_BODY = YES;
				CLANG_WARN_ENUM_CONVERSION = YES;
				CLANG_WARN_INFINITE_RECURSION = YES;
				CLANG_WARN_INT_CONVERSION = YES;
				CLANG_WARN_NON_LITERAL_NULL_CONVERSION = YES;
				CLANG_WARN_OBJC_IMPLICIT_RETAIN_SELF = YES;
				CLANG_WARN_OBJC_LITERAL_CONVERSION = YES;
				CLANG_WARN_OBJC_ROOT_CLASS = YES_ERROR;
				CLANG_WARN_QUOTED_INCLUDE_IN_FRAMEWORK_HEADER = YES;
				CLANG_WARN_RANGE_LOOP_ANALYSIS = YES;
				CLANG_WARN_STRICT_PROTOTYPES = YES;
				CLANG_WARN_SUSPICIOUS_MOVE = YES;
				CLANG_WARN_UNGUARDED_AVAILABILITY = YES_AGGRESSIVE;
				CLANG_WARN_UNREACHABLE_CODE = YES;
				CLANG_WARN__DUPLICATE_METHOD_MATCH = YES;
				COPY_PHASE_STRIP = NO;
				DEAD_CODE_STRIPPING = YES;
				DEBUG_INFORMATION_FORMAT = "dwarf-with-dsym";
				ENABLE_NS_ASSERTIONS = NO;
				ENABLE_STRICT_OBJC_MSGSEND = YES;
				ENABLE_USER_SCRIPT_SANDBOXING = YES;
				GCC_C_LANGUAGE_STANDARD = gnu17;
				GCC_NO_COMMON_BLOCKS = YES;
				GCC_WARN_64_TO_32_BIT_CONVERSION = YES;
				GCC_WARN_ABOUT_RETURN_TYPE = YES_ERROR;
				GCC_WARN_UNDECLARED_SELECTOR = YES;
				GCC_WARN_UNINITIALIZED_AUTOS = YES_AGGRESSIVE;
				GCC_WARN_UNUSED_FUNCTION = YES;
				GCC_WARN_UNUSED_VARIABLE = YES;
				LOCALIZATION_PREFERS_STRING_CATALOGS = YES;
				MTL_ENABLE_DEBUG_INFO = NO;
				MTL_FAST_MATH = YES;
				SWIFT_COMPILATION_MODE = wholemodule;
			};
			name = Release;
		};
		795464152B53FFF600618ACA /* Debug */ = {
			isa = XCBuildConfiguration;
			buildSettings = {
				ALWAYS_EMBED_SWIFT_STANDARD_LIBRARIES = YES;
				ASSETCATALOG_COMPILER_APPICON_NAME = AppIcon;
				ASSETCATALOG_COMPILER_GLOBAL_ACCENT_COLOR_NAME = AccentColor;
				CODE_SIGN_ENTITLEMENTS = iOS/Resources/Entitlements.entitlements;
				CODE_SIGN_IDENTITY = "Apple Development";
				CODE_SIGN_STYLE = Automatic;
				CURRENT_PROJECT_VERSION = 1;
				DEAD_CODE_STRIPPING = YES;
				DEVELOPMENT_ASSET_PATHS = "iOS/Resources/Preview\\ Content";
				DEVELOPMENT_TEAM = DE65J7Y35D;
				ENABLE_HARDENED_RUNTIME = YES;
				ENABLE_PREVIEWS = YES;
				GENERATE_INFOPLIST_FILE = YES;
				INFOPLIST_FILE = iOS/Resources/Info.plist;
				INFOPLIST_KEY_CFBundleDisplayName = WebRTC;
				INFOPLIST_KEY_LSApplicationCategoryType = "public.app-category.social-networking";
				INFOPLIST_KEY_NSCameraUsageDescription = "The camera is been used during conference calls to stream your face :)";
				INFOPLIST_KEY_NSMicrophoneUsageDescription = "The microphone is been used during conference calls to stream your voice :)";
				"INFOPLIST_KEY_UIApplicationSceneManifest_Generation[sdk=iphoneos*]" = YES;
				"INFOPLIST_KEY_UIApplicationSceneManifest_Generation[sdk=iphonesimulator*]" = YES;
				"INFOPLIST_KEY_UIApplicationSupportsIndirectInputEvents[sdk=iphoneos*]" = YES;
				"INFOPLIST_KEY_UIApplicationSupportsIndirectInputEvents[sdk=iphonesimulator*]" = YES;
				"INFOPLIST_KEY_UILaunchScreen_Generation[sdk=iphoneos*]" = YES;
				"INFOPLIST_KEY_UILaunchScreen_Generation[sdk=iphonesimulator*]" = YES;
				"INFOPLIST_KEY_UIStatusBarStyle[sdk=iphoneos*]" = UIStatusBarStyleDefault;
				"INFOPLIST_KEY_UIStatusBarStyle[sdk=iphonesimulator*]" = UIStatusBarStyleDefault;
				INFOPLIST_KEY_UISupportedInterfaceOrientations = UIInterfaceOrientationPortrait;
				INFOPLIST_KEY_UISupportedInterfaceOrientations_iPad = "UIInterfaceOrientationLandscapeLeft UIInterfaceOrientationLandscapeRight UIInterfaceOrientationPortrait UIInterfaceOrientationPortraitUpsideDown";
				IPHONEOS_DEPLOYMENT_TARGET = 17.2;
				LD_RUNPATH_SEARCH_PATHS = "@executable_path/Frameworks";
				"LD_RUNPATH_SEARCH_PATHS[sdk=macosx*]" = "@executable_path/../Frameworks";
				MACOSX_DEPLOYMENT_TARGET = 14.0;
				MARKETING_VERSION = 1.0.0;
				PRODUCT_BUNDLE_IDENTIFIER = org.gpfister.webrtc;
				PRODUCT_NAME = "$(TARGET_NAME)";
				PROVISIONING_PROFILE_SPECIFIER = "";
				SDKROOT = auto;
				SUPPORTED_PLATFORMS = "iphoneos iphonesimulator";
				SUPPORTS_MACCATALYST = NO;
				SUPPORTS_MAC_DESIGNED_FOR_IPHONE_IPAD = NO;
				SWIFT_EMIT_LOC_STRINGS = YES;
				SWIFT_VERSION = 5.0;
				TARGETED_DEVICE_FAMILY = 1;
			};
			name = Debug;
		};
		795464162B53FFF600618ACA /* Release */ = {
			isa = XCBuildConfiguration;
			buildSettings = {
				ALWAYS_EMBED_SWIFT_STANDARD_LIBRARIES = YES;
				ASSETCATALOG_COMPILER_APPICON_NAME = AppIcon;
				ASSETCATALOG_COMPILER_GLOBAL_ACCENT_COLOR_NAME = AccentColor;
				CODE_SIGN_ENTITLEMENTS = iOS/Resources/Entitlements.entitlements;
				CODE_SIGN_IDENTITY = "Apple Development";
				CODE_SIGN_STYLE = Automatic;
				CURRENT_PROJECT_VERSION = 1;
				DEAD_CODE_STRIPPING = YES;
				DEVELOPMENT_ASSET_PATHS = "iOS/Resources/Preview\\ Content";
				DEVELOPMENT_TEAM = DE65J7Y35D;
				ENABLE_HARDENED_RUNTIME = YES;
				ENABLE_PREVIEWS = YES;
				GENERATE_INFOPLIST_FILE = YES;
				INFOPLIST_FILE = iOS/Resources/Info.plist;
				INFOPLIST_KEY_CFBundleDisplayName = WebRTC;
				INFOPLIST_KEY_LSApplicationCategoryType = "public.app-category.social-networking";
				INFOPLIST_KEY_NSCameraUsageDescription = "The camera is been used during conference calls to stream your face :)";
				INFOPLIST_KEY_NSMicrophoneUsageDescription = "The microphone is been used during conference calls to stream your voice :)";
				"INFOPLIST_KEY_UIApplicationSceneManifest_Generation[sdk=iphoneos*]" = YES;
				"INFOPLIST_KEY_UIApplicationSceneManifest_Generation[sdk=iphonesimulator*]" = YES;
				"INFOPLIST_KEY_UIApplicationSupportsIndirectInputEvents[sdk=iphoneos*]" = YES;
				"INFOPLIST_KEY_UIApplicationSupportsIndirectInputEvents[sdk=iphonesimulator*]" = YES;
				"INFOPLIST_KEY_UILaunchScreen_Generation[sdk=iphoneos*]" = YES;
				"INFOPLIST_KEY_UILaunchScreen_Generation[sdk=iphonesimulator*]" = YES;
				"INFOPLIST_KEY_UIStatusBarStyle[sdk=iphoneos*]" = UIStatusBarStyleDefault;
				"INFOPLIST_KEY_UIStatusBarStyle[sdk=iphonesimulator*]" = UIStatusBarStyleDefault;
				INFOPLIST_KEY_UISupportedInterfaceOrientations = UIInterfaceOrientationPortrait;
				INFOPLIST_KEY_UISupportedInterfaceOrientations_iPad = "UIInterfaceOrientationLandscapeLeft UIInterfaceOrientationLandscapeRight UIInterfaceOrientationPortrait UIInterfaceOrientationPortraitUpsideDown";
				IPHONEOS_DEPLOYMENT_TARGET = 17.2;
				LD_RUNPATH_SEARCH_PATHS = "@executable_path/Frameworks";
				"LD_RUNPATH_SEARCH_PATHS[sdk=macosx*]" = "@executable_path/../Frameworks";
				MACOSX_DEPLOYMENT_TARGET = 14.0;
				MARKETING_VERSION = 1.0.0;
				PRODUCT_BUNDLE_IDENTIFIER = org.gpfister.webrtc;
				PRODUCT_NAME = "$(TARGET_NAME)";
				PROVISIONING_PROFILE_SPECIFIER = "";
				SDKROOT = auto;
				SUPPORTED_PLATFORMS = "iphoneos iphonesimulator";
				SUPPORTS_MACCATALYST = NO;
				SUPPORTS_MAC_DESIGNED_FOR_IPHONE_IPAD = NO;
				SWIFT_EMIT_LOC_STRINGS = YES;
				SWIFT_VERSION = 5.0;
				TARGETED_DEVICE_FAMILY = 1;
			};
			name = Release;
		};
/* End XCBuildConfiguration section */

/* Begin XCConfigurationList section */
		7933857C2B5413660060CC95 /* Build configuration list for PBXNativeTarget "watchOS" */ = {
			isa = XCConfigurationList;
			buildConfigurations = (
				7933857D2B5413660060CC95 /* Debug */,
				7933857E2B5413660060CC95 /* Release */,
			);
			defaultConfigurationIsVisible = 0;
			defaultConfigurationName = Release;
		};
		795463FE2B53FFF500618ACA /* Build configuration list for PBXProject "gp-webrtc-ios" */ = {
			isa = XCConfigurationList;
			buildConfigurations = (
				795464122B53FFF600618ACA /* Debug */,
				795464132B53FFF600618ACA /* Release */,
			);
			defaultConfigurationIsVisible = 0;
			defaultConfigurationName = Release;
		};
		795464142B53FFF600618ACA /* Build configuration list for PBXNativeTarget "iOS" */ = {
			isa = XCConfigurationList;
			buildConfigurations = (
				795464152B53FFF600618ACA /* Debug */,
				795464162B53FFF600618ACA /* Release */,
			);
			defaultConfigurationIsVisible = 0;
			defaultConfigurationName = Release;
		};
/* End XCConfigurationList section */

/* Begin XCRemoteSwiftPackageReference section */
		793E7B062B5A72AC000CC08A /* XCRemoteSwiftPackageReference "WebRTC" */ = {
			isa = XCRemoteSwiftPackageReference;
			repositoryURL = "https://github.com/stasel/WebRTC.git";
			requirement = {
				kind = upToNextMajorVersion;
				minimumVersion = 120.0.0;
			};
		};
		79ABECEB2B5518EC00C15D0C /* XCRemoteSwiftPackageReference "firebase-ios-sdk" */ = {
			isa = XCRemoteSwiftPackageReference;
			repositoryURL = "https://github.com/firebase/firebase-ios-sdk.git";
			requirement = {
				kind = upToNextMajorVersion;
				minimumVersion = 10.20.0;
			};
		};
/* End XCRemoteSwiftPackageReference section */

/* Begin XCSwiftPackageProductDependency section */
		79ABECEC2B5518EC00C15D0C /* FirebaseFunctions */ = {
			isa = XCSwiftPackageProductDependency;
			package = 79ABECEB2B5518EC00C15D0C /* XCRemoteSwiftPackageReference "firebase-ios-sdk" */;
			productName = FirebaseFunctions;
		};
		79ABED002B552C0F00C15D0C /* FirebaseAppCheck */ = {
			isa = XCSwiftPackageProductDependency;
			package = 79ABECEB2B5518EC00C15D0C /* XCRemoteSwiftPackageReference "firebase-ios-sdk" */;
			productName = FirebaseAppCheck;
		};
/* End XCSwiftPackageProductDependency section */
	};
	rootObject = 795463FB2B53FFF500618ACA /* Project object */;
}
